<?xml version="1.0" encoding="utf-8"?>
<Project ToolsVersion="17.0" xmlns="http://schemas.microsoft.com/developer/msbuild/2003">
  <ItemGroup>
    <ClCompile Include="C:\Users\User\Desktop\TESTGAME_1\Classes\AppDelegate.cpp">
      <Filter>Source Files\Classes</Filter>
    </ClCompile>
    <ClCompile Include="C:\Users\User\Desktop\TESTGAME_1\Classes\HelloWorldScene.cpp">
      <Filter>Source Files\Classes</Filter>
    </ClCompile>
    <ClCompile Include="C:\Users\User\Desktop\TESTGAME_1\Classes\GameOverScene.cpp">
      <Filter>Source Files\Classes</Filter>
    </ClCompile>
    <ClCompile Include="C:\Users\User\Desktop\TESTGAME_1\proj.win32\main.cpp">
      <Filter>Source Files\proj.win32</Filter>
    </ClCompile>
    <ClCompile Include="C:\Users\User\Desktop\TESTGAME_1\cocos2d\cocos\precheader.cpp">
      <Filter>Source Files</Filter>
    </ClCompile>
  </ItemGroup>
  <ItemGroup>
    <ClInclude Include="C:\Users\User\Desktop\TESTGAME_1\Classes\AppDelegate.h">
      <Filter>Source Files\Classes</Filter>
    </ClInclude>
    <ClInclude Include="C:\Users\User\Desktop\TESTGAME_1\Classes\HelloWorldScene.h">
      <Filter>Source Files\Classes</Filter>
    </ClInclude>
    <ClInclude Include="C:\Users\User\Desktop\TESTGAME_1\Classes\GameOverScene.h">
      <Filter>Source Files\Classes</Filter>
    </ClInclude>
    <ClInclude Include="C:\Users\User\Desktop\TESTGAME_1\proj.win32\main.h">
      <Filter>Source Files\proj.win32</Filter>
    </ClInclude>
    <ClInclude Include="C:\Users\User\Desktop\TESTGAME_1\proj.win32\resource.h">
      <Filter>Source Files\proj.win32</Filter>
    </ClInclude>
    <ClInclude Include="C:\Users\User\Desktop\TESTGAME_1\Resources\Big_car.png">
      <Filter>Resources</Filter>
    </ClInclude>
    <ClInclude Include="C:\Users\User\Desktop\TESTGAME_1\Resources\CloseNormal.png">
      <Filter>Resources</Filter>
    </ClInclude>
    <ClInclude Include="C:\Users\User\Desktop\TESTGAME_1\Resources\CloseSelected.png">
      <Filter>Resources</Filter>
    </ClInclude>
    <ClInclude Include="C:\Users\User\Desktop\TESTGAME_1\Resources\HelloWorld.png">
      <Filter>Resources</Filter>
    </ClInclude>
    <ClInclude Include="C:\Users\User\Desktop\TESTGAME_1\Resources\Left_right.png">
      <Filter>Resources</Filter>
    </ClInclude>
    <ClInclude Include="C:\Users\User\Desktop\TESTGAME_1\Resources\Top.png">
      <Filter>Resources</Filter>
    </ClInclude>
    <ClInclude Include="C:\Users\User\Desktop\TESTGAME_1\Resources\car.png">
      <Filter>Resources</Filter>
    </ClInclude>
    <ClInclude Include="C:\Users\User\Desktop\TESTGAME_1\Resources\fonts\Marker Felt.ttf">
      <Filter>Resources\fonts</Filter>
    </ClInclude>
    <ClInclude Include="C:\Users\User\Desktop\TESTGAME_1\Resources\fonts\arial.ttf">
      <Filter>Resources\fonts</Filter>
    </ClInclude>
    <ClInclude Include="C:\Users\User\Desktop\TESTGAME_1\Resources\kanistra.png">
      <Filter>Resources</Filter>
    </ClInclude>
    <ClInclude Include="C:\Users\User\Desktop\TESTGAME_1\Resources\pngwing.com.png">
      <Filter>Resources</Filter>
    </ClInclude>
    <ClInclude Include="C:\Users\User\Desktop\TESTGAME_1\Resources\res\.gitkeep">
      <Filter>Resources\res</Filter>
    </ClInclude>
  </ItemGroup>
  <ItemGroup>
    <CustomBuild Include="C:\Users\User\Desktop\TESTGAME_1\CMakeLists.txt" />
  </ItemGroup>
  <ItemGroup>
    <ResourceCompile Include="C:\Users\User\Desktop\TESTGAME_1\proj.win32\game.rc">
      <Filter>Source Files\proj.win32</Filter>
    </ResourceCompile>
  </ItemGroup>
  <ItemGroup>
    <Filter Include="Resources">
      <UniqueIdentifier>{02AB24F1-E550-3A07-9152-838DA851797D}</UniqueIdentifier>
    </Filter>
    <Filter Include="Resources\fonts">
      <UniqueIdentifier>{67408997-A9FB-3A1B-8B3C-469BB9108B34}</UniqueIdentifier>
    </Filter>
    <Filter Include="Resources\res">
      <UniqueIdentifier>{E4AFC691-5357-3C64-95E3-EC782164EAAD}</UniqueIdentifier>
    </Filter>
    <Filter Include="Source Files">
      <UniqueIdentifier>{625DE761-DC2A-3AD6-A947-8ED52A9BE5B1}</UniqueIdentifier>
    </Filter>
    <Filter Include="Source Files\Classes">
      <UniqueIdentifier>{4D13B90D-CAB4-3EF8-895A-D6B2CF7AB1F0}</UniqueIdentifier>
    </Filter>
    <Filter Include="Source Files\proj.win32">
      <UniqueIdentifier>{7F825299-2043-36CB-A2EC-FA9C34B0CF7C}</UniqueIdentifier>
    </Filter>
  </ItemGroup>
</Project>
