<?xml version="1.0" encoding="utf-8"?>
<Project ToolsVersion="17.0" xmlns="http://schemas.microsoft.com/developer/msbuild/2003">
  <ItemGroup>
    <Filter Include="CMake Rules">
      <UniqueIdentifier>{11DD889B-AA01-3AF7-91D2-40D95F3C1AB0}</UniqueIdentifier>
    </Filter>
  </ItemGroup>
</Project>
